
Microsoft Visual Studio Solution File, Format Version 12.00
# Visual Studio 15
VisualStudioVersion = 15.0.28010.2026
MinimumVisualStudioVersion = 10.0.40219.1
Project("{FAE04EC0-301F-11D3-BF4B-00C04F79EFBC}") = "RRobot", "RRobot\RRobot.csproj", "{CBEAD879-380D-4177-8F3A-55E17A42B9C1}"
EndProject
Global
	GlobalSection(SolutionConfigurationPlatforms) = preSolution
		Debug|Any CPU = Debug|Any CPU
		Release|Any CPU = Release|Any CPU
	EndGlobalSection
	GlobalSection(ProjectConfigurationPlatforms) = postSolution
		{CBEAD879-380D-4177-8F3A-55E17A42B9C1}.Debug|Any CPU.ActiveCfg = Debug|Any CPU
		{CBEAD879-380D-4177-8F3A-55E17A42B9C1}.Debug|Any CPU.Build.0 = Debug|Any CPU
		{CBEAD879-380D-4177-8F3A-55E17A42B9C1}.Release|Any CPU.ActiveCfg = Release|Any CPU
		{CBEAD879-380D-4177-8F3A-55E17A42B9C1}.Release|Any CPU.Build.0 = Release|Any CPU
	EndGlobalSection
	GlobalSection(SolutionProperties) = preSolution
		HideSolutionNode = FALSE
	EndGlobalSection
	GlobalSection(ExtensibilityGlobals) = postSolution
		SolutionGuid = {9DC5AE2A-B367-4DD9-AC35-3EF214FA3F0E}
	EndGlobalSection
EndGlobal
